
Microsoft Visual Studio Solution File, Format Version 12.00
# Visual Studio Version 17
VisualStudioVersion = 17.4.33103.184
MinimumVisualStudioVersion = 10.0.40219.1
Project("{FAE04EC0-301F-11D3-BF4B-00C04F79EFBC}") = "Analisador_Sintactico", "Analisador_Sintactico\Analisador_Sintactico.csproj", "{A0BE6E1D-664D-4EFD-9248-2A17C8261DAB}"
EndProject
Global
	GlobalSection(SolutionConfigurationPlatforms) = preSolution
		Debug|Any CPU = Debug|Any CPU
		Release|Any CPU = Release|Any CPU
	EndGlobalSection
	GlobalSection(ProjectConfigurationPlatforms) = postSolution
		{A0BE6E1D-664D-4EFD-9248-2A17C8261DAB}.Debug|Any CPU.ActiveCfg = Debug|Any CPU
		{A0BE6E1D-664D-4EFD-9248-2A17C8261DAB}.Debug|Any CPU.Build.0 = Debug|Any CPU
		{A0BE6E1D-664D-4EFD-9248-2A17C8261DAB}.Release|Any CPU.ActiveCfg = Release|Any CPU
		{A0BE6E1D-664D-4EFD-9248-2A17C8261DAB}.Release|Any CPU.Build.0 = Release|Any CPU
	EndGlobalSection
	GlobalSection(SolutionProperties) = preSolution
		HideSolutionNode = FALSE
	EndGlobalSection
	GlobalSection(ExtensibilityGlobals) = postSolution
		SolutionGuid = {0D3A3BE4-8302-4641-BDD6-AFA1775377AA}
	EndGlobalSection
EndGlobal
