
Microsoft Visual Studio Solution File, Format Version 12.00
# Visual Studio Version 17
VisualStudioVersion = 17.4.33103.184
MinimumVisualStudioVersion = 10.0.40219.1
Project("{FAE04EC0-301F-11D3-BF4B-00C04F79EFBC}") = "Analizador_Sintactico", "Analizador_Sintactico\Analizador_Sintactico.csproj", "{AEDCEDBF-4436-43E8-8406-32E10C46FBD7}"
EndProject
Global
	GlobalSection(SolutionConfigurationPlatforms) = preSolution
		Debug|Any CPU = Debug|Any CPU
		Release|Any CPU = Release|Any CPU
	EndGlobalSection
	GlobalSection(ProjectConfigurationPlatforms) = postSolution
		{AEDCEDBF-4436-43E8-8406-32E10C46FBD7}.Debug|Any CPU.ActiveCfg = Debug|Any CPU
		{AEDCEDBF-4436-43E8-8406-32E10C46FBD7}.Debug|Any CPU.Build.0 = Debug|Any CPU
		{AEDCEDBF-4436-43E8-8406-32E10C46FBD7}.Release|Any CPU.ActiveCfg = Release|Any CPU
		{AEDCEDBF-4436-43E8-8406-32E10C46FBD7}.Release|Any CPU.Build.0 = Release|Any CPU
	EndGlobalSection
	GlobalSection(SolutionProperties) = preSolution
		HideSolutionNode = FALSE
	EndGlobalSection
	GlobalSection(ExtensibilityGlobals) = postSolution
		SolutionGuid = {A2DA0444-6B9B-42AA-A118-12E605FC7601}
	EndGlobalSection
EndGlobal
